# THIS IS AN AUTOGENERATED FILE. DO NOT EDIT THIS FILE DIRECTLY.
# yarn lockfile v1


"@babel/runtime@^7.12.0":
  version "7.12.1"
  resolved "https://registry.npm.taobao.org/@babel/runtime/download/@babel/runtime-7.12.1.tgz?cache=0&sync_timestamp=1602802030275&other_urls=https%3A%2F%2Fregistry.npm.taobao.org%2F%40babel%2Fruntime%2Fdownload%2F%40babel%2Fruntime-7.12.1.tgz#b4116a6b6711d010b2dad3b7b6e43bf1b9954740"
  integrity sha1-tBFqa2cR0BCy2tO3tuQ78bmVR0A=
  dependencies:
    regenerator-runtime "^0.13.4"

i18next@^19.8.3:
  version "19.8.3"
  resolved "https://registry.npm.taobao.org/i18next/download/i18next-19.8.3.tgz#10df7222db8c23389b13bceb9ba67a5e20a0241e"
  integrity sha1-EN9yItuMIzibE7zrm6Z6XiCgJB4=
  dependencies:
    "@babel/runtime" "^7.12.0"

regenerator-runtime@^0.13.4:
  version "0.13.7"
  resolved "https://registry.npm.taobao.org/regenerator-runtime/download/regenerator-runtime-0.13.7.tgz?cache=0&sync_timestamp=1595456331640&other_urls=https%3A%2F%2Fregistry.npm.taobao.org%2Fregenerator-runtime%2Fdownload%2Fregenerator-runtime-0.13.7.tgz#cac2dacc8a1ea675feaabaeb8ae833898ae46f55"
  integrity sha1-ysLazIoepnX+qrrriugziYrkb1U=
